// !$*UTF8*$!
{
	archiveVersion = 1;
	classes = {
	};
	objectVersion = 56;
	objects = {

/* Begin PBXBuildFile section */
		559C39692BE99C9B004A5E86 /* ReportIssueView.swift in Sources */ = {isa = PBXBuildFile; fileRef = 559C39682BE99C9B004A5E86 /* ReportIssueView.swift */; };
		976E777E2BC7154400CA117D /* AcessoRioApp.swift in Sources */ = {isa = PBXBuildFile; fileRef = 976E777D2BC7154400CA117D /* AcessoRioApp.swift */; };
		976E77802BC7154400CA117D /* ContentView.swift in Sources */ = {isa = PBXBuildFile; fileRef = 976E777F2BC7154400CA117D /* ContentView.swift */; };
		976E77822BC7154500CA117D /* Assets.xcassets in Resources */ = {isa = PBXBuildFile; fileRef = 976E77812BC7154500CA117D /* Assets.xcassets */; };
		976E77852BC7154500CA117D /* Preview Assets.xcassets in Resources */ = {isa = PBXBuildFile; fileRef = 976E77842BC7154500CA117D /* Preview Assets.xcassets */; };
		976E778F2BC7601400CA117D /* AccessibilityIssue.swift in Sources */ = {isa = PBXBuildFile; fileRef = 976E778E2BC7601400CA117D /* AccessibilityIssue.swift */; };
		976E77932BC7609600CA117D /* AcessibilityIssueVM.swift in Sources */ = {isa = PBXBuildFile; fileRef = 976E77922BC7609600CA117D /* AcessibilityIssueVM.swift */; };
/* End PBXBuildFile section */

/* Begin PBXFileReference section */
		559C39682BE99C9B004A5E86 /* ReportIssueView.swift */ = {isa = PBXFileReference; lastKnownFileType = sourcecode.swift; path = ReportIssueView.swift; sourceTree = "<group>"; };
		559C396A2BE9A0CE004A5E86 /* Info.plist */ = {isa = PBXFileReference; lastKnownFileType = text.plist; path = Info.plist; sourceTree = "<group>"; };
		976E777A2BC7154400CA117D /* AcessoRio.app */ = {isa = PBXFileReference; explicitFileType = wrapper.application; includeInIndex = 0; path = AcessoRio.app; sourceTree = BUILT_PRODUCTS_DIR; };
		976E777D2BC7154400CA117D /* AcessoRioApp.swift */ = {isa = PBXFileReference; lastKnownFileType = sourcecode.swift; path = AcessoRioApp.swift; sourceTree = "<group>"; };
		976E777F2BC7154400CA117D /* ContentView.swift */ = {isa = PBXFileReference; lastKnownFileType = sourcecode.swift; path = ContentView.swift; sourceTree = "<group>"; };
		976E77812BC7154500CA117D /* Assets.xcassets */ = {isa = PBXFileReference; lastKnownFileType = folder.assetcatalog; path = Assets.xcassets; sourceTree = "<group>"; };
		976E77842BC7154500CA117D /* Preview Assets.xcassets */ = {isa = PBXFileReference; lastKnownFileType = folder.assetcatalog; path = "Preview Assets.xcassets"; sourceTree = "<group>"; };
		976E778E2BC7601400CA117D /* AccessibilityIssue.swift */ = {isa = PBXFileReference; lastKnownFileType = sourcecode.swift; path = AccessibilityIssue.swift; sourceTree = "<group>"; };
		976E77922BC7609600CA117D /* AcessibilityIssueVM.swift */ = {isa = PBXFileReference; lastKnownFileType = sourcecode.swift; path = AcessibilityIssueVM.swift; sourceTree = "<group>"; };
/* End PBXFileReference section */

/* Begin PBXFrameworksBuildPhase section */
		976E77772BC7154400CA117D /* Frameworks */ = {
			isa = PBXFrameworksBuildPhase;
			buildActionMask = 2147483647;
			files = (
			);
			runOnlyForDeploymentPostprocessing = 0;
		};
/* End PBXFrameworksBuildPhase section */

/* Begin PBXGroup section */
		976E77712BC7154400CA117D = {
			isa = PBXGroup;
			children = (
				976E777C2BC7154400CA117D /* AcessoRio */,
				976E777B2BC7154400CA117D /* Products */,
			);
			sourceTree = "<group>";
		};
		976E777B2BC7154400CA117D /* Products */ = {
			isa = PBXGroup;
			children = (
				976E777A2BC7154400CA117D /* AcessoRio.app */,
			);
			name = Products;
			sourceTree = "<group>";
		};
		976E777C2BC7154400CA117D /* AcessoRio */ = {
			isa = PBXGroup;
			children = (
				559C396A2BE9A0CE004A5E86 /* Info.plist */,
				976E778D2BC75FEF00CA117D /* View */,
				976E778C2BC75FE900CA117D /* ViewModel */,
				976E778B2BC75FE200CA117D /* Model */,
				976E777D2BC7154400CA117D /* AcessoRioApp.swift */,
				976E77812BC7154500CA117D /* Assets.xcassets */,
				976E77832BC7154500CA117D /* Preview Content */,
			);
			path = AcessoRio;
			sourceTree = "<group>";
		};
		976E77832BC7154500CA117D /* Preview Content */ = {
			isa = PBXGroup;
			children = (
				976E77842BC7154500CA117D /* Preview Assets.xcassets */,
			);
			path = "Preview Content";
			sourceTree = "<group>";
		};
		976E778B2BC75FE200CA117D /* Model */ = {
			isa = PBXGroup;
			children = (
				976E778E2BC7601400CA117D /* AccessibilityIssue.swift */,
			);
			path = Model;
			sourceTree = "<group>";
		};
		976E778C2BC75FE900CA117D /* ViewModel */ = {
			isa = PBXGroup;
			children = (
				976E77922BC7609600CA117D /* AcessibilityIssueVM.swift */,
			);
			path = ViewModel;
			sourceTree = "<group>";
		};
		976E778D2BC75FEF00CA117D /* View */ = {
			isa = PBXGroup;
			children = (
				976E777F2BC7154400CA117D /* ContentView.swift */,
				559C39682BE99C9B004A5E86 /* ReportIssueView.swift */,
			);
			path = View;
			sourceTree = "<group>";
		};
/* End PBXGroup section */

/* Begin PBXNativeTarget section */
		976E77792BC7154400CA117D /* AcessoRio */ = {
			isa = PBXNativeTarget;
			buildConfigurationList = 976E77882BC7154500CA117D /* Build configuration list for PBXNativeTarget "AcessoRio" */;
			buildPhases = (
				976E77762BC7154400CA117D /* Sources */,
				976E77772BC7154400CA117D /* Frameworks */,
				976E77782BC7154400CA117D /* Resources */,
			);
			buildRules = (
			);
			dependencies = (
			);
			name = AcessoRio;
			productName = AcessoRio;
			productReference = 976E777A2BC7154400CA117D /* AcessoRio.app */;
			productType = "com.apple.product-type.application";
		};
/* End PBXNativeTarget section */

/* Begin PBXProject section */
		976E77722BC7154400CA117D /* Project object */ = {
			isa = PBXProject;
			attributes = {
				BuildIndependentTargetsInParallel = 1;
				LastSwiftUpdateCheck = 1530;
				LastUpgradeCheck = 1530;
				TargetAttributes = {
					976E77792BC7154400CA117D = {
						CreatedOnToolsVersion = 15.3;
					};
				};
			};
			buildConfigurationList = 976E77752BC7154400CA117D /* Build configuration list for PBXProject "AcessoRio" */;
			compatibilityVersion = "Xcode 14.0";
			developmentRegion = en;
			hasScannedForEncodings = 0;
			knownRegions = (
				en,
				Base,
			);
			mainGroup = 976E77712BC7154400CA117D;
			productRefGroup = 976E777B2BC7154400CA117D /* Products */;
			projectDirPath = "";
			projectRoot = "";
			targets = (
				976E77792BC7154400CA117D /* AcessoRio */,
			);
		};
/* End PBXProject section */

/* Begin PBXResourcesBuildPhase section */
		976E77782BC7154400CA117D /* Resources */ = {
			isa = PBXResourcesBuildPhase;
			buildActionMask = 2147483647;
			files = (
				976E77852BC7154500CA117D /* Preview Assets.xcassets in Resources */,
				976E77822BC7154500CA117D /* Assets.xcassets in Resources */,
			);
			runOnlyForDeploymentPostprocessing = 0;
		};
/* End PBXResourcesBuildPhase section */

/* Begin PBXSourcesBuildPhase section */
		976E77762BC7154400CA117D /* Sources */ = {
			isa = PBXSourcesBuildPhase;
			buildActionMask = 2147483647;
			files = (
				976E77802BC7154400CA117D /* ContentView.swift in Sources */,
				976E77932BC7609600CA117D /* AcessibilityIssueVM.swift in Sources */,
				559C39692BE99C9B004A5E86 /* ReportIssueView.swift in Sources */,
				976E777E2BC7154400CA117D /* AcessoRioApp.swift in Sources */,
				976E778F2BC7601400CA117D /* AccessibilityIssue.swift in Sources */,
			);
			runOnlyForDeploymentPostprocessing = 0;
		};
/* End PBXSourcesBuildPhase section */

/* Begin XCBuildConfiguration section */
		976E77862BC7154500CA117D /* Debug */ = {
			isa = XCBuildConfiguration;
			buildSettings = {
				ALWAYS_SEARCH_USER_PATHS = NO;
				ASSETCATALOG_COMPILER_GENERATE_SWIFT_ASSET_SYMBOL_EXTENSIONS = YES;
				CLANG_ANALYZER_NONNULL = YES;
				CLANG_ANALYZER_NUMBER_OBJECT_CONVERSION = YES_AGGRESSIVE;
				CLANG_CXX_LANGUAGE_STANDARD = "gnu++20";
				CLANG_ENABLE_MODULES = YES;
				CLANG_ENABLE_OBJC_ARC = YES;
				CLANG_ENABLE_OBJC_WEAK = YES;
				CLANG_WARN_BLOCK_CAPTURE_AUTORELEASING = YES;
				CLANG_WARN_BOOL_CONVERSION = YES;
				CLANG_WARN_COMMA = YES;
				CLANG_WARN_CONSTANT_CONVERSION = YES;
				CLANG_WARN_DEPRECATED_OBJC_IMPLEMENTATIONS = YES;
				CLANG_WARN_DIRECT_OBJC_ISA_USAGE = YES_ERROR;
				CLANG_WARN_DOCUMENTATION_COMMENTS = YES;
				CLANG_WARN_EMPTY_BODY = YES;
				CLANG_WARN_ENUM_CONVERSION = YES;
				CLANG_WARN_INFINITE_RECURSION = YES;
				CLANG_WARN_INT_CONVERSION = YES;
				CLANG_WARN_NON_LITERAL_NULL_CONVERSION = YES;
				CLANG_WARN_OBJC_IMPLICIT_RETAIN_SELF = YES;
				CLANG_WARN_OBJC_LITERAL_CONVERSION = YES;
				CLANG_WARN_OBJC_ROOT_CLASS = YES_ERROR;
				CLANG_WARN_QUOTED_INCLUDE_IN_FRAMEWORK_HEADER = YES;
				CLANG_WARN_RANGE_LOOP_ANALYSIS = YES;
				CLANG_WARN_STRICT_PROTOTYPES = YES;
				CLANG_WARN_SUSPICIOUS_MOVE = YES;
				CLANG_WARN_UNGUARDED_AVAILABILITY = YES_AGGRESSIVE;
				CLANG_WARN_UNREACHABLE_CODE = YES;
				CLANG_WARN__DUPLICATE_METHOD_MATCH = YES;
				COPY_PHASE_STRIP = NO;
				DEBUG_INFORMATION_FORMAT = dwarf;
				ENABLE_STRICT_OBJC_MSGSEND = YES;
				ENABLE_TESTABILITY = YES;
				ENABLE_USER_SCRIPT_SANDBOXING = YES;
				GCC_C_LANGUAGE_STANDARD = gnu17;
				GCC_DYNAMIC_NO_PIC = NO;
				GCC_NO_COMMON_BLOCKS = YES;
				GCC_OPTIMIZATION_LEVEL = 0;
				GCC_PREPROCESSOR_DEFINITIONS = (
					"DEBUG=1",
					"$(inherited)",
				);
				GCC_WARN_64_TO_32_BIT_CONVERSION = YES;
				GCC_WARN_ABOUT_RETURN_TYPE = YES_ERROR;
				GCC_WARN_UNDECLARED_SELECTOR = YES;
				GCC_WARN_UNINITIALIZED_AUTOS = YES_AGGRESSIVE;
				GCC_WARN_UNUSED_FUNCTION = YES;
				GCC_WARN_UNUSED_VARIABLE = YES;
				IPHONEOS_DEPLOYMENT_TARGET = 17.4;
				LOCALIZATION_PREFERS_STRING_CATALOGS = YES;
				MTL_ENABLE_DEBUG_INFO = INCLUDE_SOURCE;
				MTL_FAST_MATH = YES;
				ONLY_ACTIVE_ARCH = YES;
				SDKROOT = iphoneos;
				SWIFT_ACTIVE_COMPILATION_CONDITIONS = "DEBUG $(inherited)";
				SWIFT_OPTIMIZATION_LEVEL = "-Onone";
			};
			name = Debug;
		};
		976E77872BC7154500CA117D /* Release */ = {
			isa = XCBuildConfiguration;
			buildSettings = {
				ALWAYS_SEARCH_USER_PATHS = NO;
				ASSETCATALOG_COMPILER_GENERATE_SWIFT_ASSET_SYMBOL_EXTENSIONS = YES;
				CLANG_ANALYZER_NONNULL = YES;
				CLANG_ANALYZER_NUMBER_OBJECT_CONVERSION = YES_AGGRESSIVE;
				CLANG_CXX_LANGUAGE_STANDARD = "gnu++20";
				CLANG_ENABLE_MODULES = YES;
				CLANG_ENABLE_OBJC_ARC = YES;
				CLANG_ENABLE_OBJC_WEAK = YES;
				CLANG_WARN_BLOCK_CAPTURE_AUTORELEASING = YES;
				CLANG_WARN_BOOL_CONVERSION = YES;
				CLANG_WARN_COMMA = YES;
				CLANG_WARN_CONSTANT_CONVERSION = YES;
				CLANG_WARN_DEPRECATED_OBJC_IMPLEMENTATIONS = YES;
				CLANG_WARN_DIRECT_OBJC_ISA_USAGE = YES_ERROR;
				CLANG_WARN_DOCUMENTATION_COMMENTS = YES;
				CLANG_WARN_EMPTY_BODY = YES;
				CLANG_WARN_ENUM_CONVERSION = YES;
				CLANG_WARN_INFINITE_RECURSION = YES;
				CLANG_WARN_INT_CONVERSION = YES;
				CLANG_WARN_NON_LITERAL_NULL_CONVERSION = YES;
				CLANG_WARN_OBJC_IMPLICIT_RETAIN_SELF = YES;
				CLANG_WARN_OBJC_LITERAL_CONVERSION = YES;
				CLANG_WARN_OBJC_ROOT_CLASS = YES_ERROR;
				CLANG_WARN_QUOTED_INCLUDE_IN_FRAMEWORK_HEADER = YES;
				CLANG_WARN_RANGE_LOOP_ANALYSIS = YES;
				CLANG_WARN_STRICT_PROTOTYPES = YES;
				CLANG_WARN_SUSPICIOUS_MOVE = YES;
				CLANG_WARN_UNGUARDED_AVAILABILITY = YES_AGGRESSIVE;
				CLANG_WARN_UNREACHABLE_CODE = YES;
				CLANG_WARN__DUPLICATE_METHOD_MATCH = YES;
				COPY_PHASE_STRIP = NO;
				DEBUG_INFORMATION_FORMAT = "dwarf-with-dsym";
				ENABLE_NS_ASSERTIONS = NO;
				ENABLE_STRICT_OBJC_MSGSEND = YES;
				ENABLE_USER_SCRIPT_SANDBOXING = YES;
				GCC_C_LANGUAGE_STANDARD = gnu17;
				GCC_NO_COMMON_BLOCKS = YES;
				GCC_WARN_64_TO_32_BIT_CONVERSION = YES;
				GCC_WARN_ABOUT_RETURN_TYPE = YES_ERROR;
				GCC_WARN_UNDECLARED_SELECTOR = YES;
				GCC_WARN_UNINITIALIZED_AUTOS = YES_AGGRESSIVE;
				GCC_WARN_UNUSED_FUNCTION = YES;
				GCC_WARN_UNUSED_VARIABLE = YES;
				IPHONEOS_DEPLOYMENT_TARGET = 17.4;
				LOCALIZATION_PREFERS_STRING_CATALOGS = YES;
				MTL_ENABLE_DEBUG_INFO = NO;
				MTL_FAST_MATH = YES;
				SDKROOT = iphoneos;
				SWIFT_COMPILATION_MODE = wholemodule;
				VALIDATE_PRODUCT = YES;
			};
			name = Release;
		};
		976E77892BC7154500CA117D /* Debug */ = {
			isa = XCBuildConfiguration;
			buildSettings = {
				ASSETCATALOG_COMPILER_APPICON_NAME = AppIcon;
				ASSETCATALOG_COMPILER_GLOBAL_ACCENT_COLOR_NAME = AccentColor;
				CODE_SIGN_STYLE = Automatic;
				CURRENT_PROJECT_VERSION = 1;
				DEVELOPMENT_ASSET_PATHS = "\"AcessoRio/Preview Content\"";
				DEVELOPMENT_TEAM = 67AYPRFZH8;
				ENABLE_PREVIEWS = YES;
				GENERATE_INFOPLIST_FILE = YES;
				INFOPLIST_FILE = AcessoRio/Info.plist;
				INFOPLIST_KEY_UIApplicationSceneManifest_Generation = YES;
				INFOPLIST_KEY_UIApplicationSupportsIndirectInputEvents = YES;
				INFOPLIST_KEY_UILaunchScreen_Generation = YES;
				INFOPLIST_KEY_UISupportedInterfaceOrientations_iPad = "UIInterfaceOrientationPortrait UIInterfaceOrientationPortraitUpsideDown UIInterfaceOrientationLandscapeLeft UIInterfaceOrientationLandscapeRight";
				INFOPLIST_KEY_UISupportedInterfaceOrientations_iPhone = "UIInterfaceOrientationPortrait UIInterfaceOrientationLandscapeLeft UIInterfaceOrientationLandscapeRight";
				LD_RUNPATH_SEARCH_PATHS = (
					"$(inherited)",
					"@executable_path/Frameworks",
				);
				MARKETING_VERSION = 1.0;
				PRODUCT_BUNDLE_IDENTIFIER = "academy.les.inf.puc-rio.br.AcessoRio.AcessoRio";
				PRODUCT_NAME = "$(TARGET_NAME)";
				SWIFT_EMIT_LOC_STRINGS = YES;
				SWIFT_VERSION = 5.0;
				TARGETED_DEVICE_FAMILY = "1,2";
			};
			name = Debug;
		};
		976E778A2BC7154500CA117D /* Release */ = {
			isa = XCBuildConfiguration;
			buildSettings = {
				ASSETCATALOG_COMPILER_APPICON_NAME = AppIcon;
				ASSETCATALOG_COMPILER_GLOBAL_ACCENT_COLOR_NAME = AccentColor;
				CODE_SIGN_STYLE = Automatic;
				CURRENT_PROJECT_VERSION = 1;
				DEVELOPMENT_ASSET_PATHS = "\"AcessoRio/Preview Content\"";
				DEVELOPMENT_TEAM = 67AYPRFZH8;
				ENABLE_PREVIEWS = YES;
				GENERATE_INFOPLIST_FILE = YES;
				INFOPLIST_FILE = AcessoRio/Info.plist;
				INFOPLIST_KEY_UIApplicationSceneManifest_Generation = YES;
				INFOPLIST_KEY_UIApplicationSupportsIndirectInputEvents = YES;
				INFOPLIST_KEY_UILaunchScreen_Generation = YES;
				INFOPLIST_KEY_UISupportedInterfaceOrientations_iPad = "UIInterfaceOrientationPortrait UIInterfaceOrientationPortraitUpsideDown UIInterfaceOrientationLandscapeLeft UIInterfaceOrientationLandscapeRight";
				INFOPLIST_KEY_UISupportedInterfaceOrientations_iPhone = "UIInterfaceOrientationPortrait UIInterfaceOrientationLandscapeLeft UIInterfaceOrientationLandscapeRight";
				LD_RUNPATH_SEARCH_PATHS = (
					"$(inherited)",
					"@executable_path/Frameworks",
				);
				MARKETING_VERSION = 1.0;
				PRODUCT_BUNDLE_IDENTIFIER = "academy.les.inf.puc-rio.br.AcessoRio.AcessoRio";
				PRODUCT_NAME = "$(TARGET_NAME)";
				SWIFT_EMIT_LOC_STRINGS = YES;
				SWIFT_VERSION = 5.0;
				TARGETED_DEVICE_FAMILY = "1,2";
			};
			name = Release;
		};
/* End XCBuildConfiguration section */

/* Begin XCConfigurationList section */
		976E77752BC7154400CA117D /* Build configuration list for PBXProject "AcessoRio" */ = {
			isa = XCConfigurationList;
			buildConfigurations = (
				976E77862BC7154500CA117D /* Debug */,
				976E77872BC7154500CA117D /* Release */,
			);
			defaultConfigurationIsVisible = 0;
			defaultConfigurationName = Release;
		};
		976E77882BC7154500CA117D /* Build configuration list for PBXNativeTarget "AcessoRio" */ = {
			isa = XCConfigurationList;
			buildConfigurations = (
				976E77892BC7154500CA117D /* Debug */,
				976E778A2BC7154500CA117D /* Release */,
			);
			defaultConfigurationIsVisible = 0;
			defaultConfigurationName = Release;
		};
/* End XCConfigurationList section */
	};
	rootObject = 976E77722BC7154400CA117D /* Project object */;
}
